
Microsoft Visual Studio Solution File, Format Version 12.00
# Visual Studio Version 17
VisualStudioVersion = 17.11.35303.130
MinimumVisualStudioVersion = 10.0.40219.1
Project("{FAE04EC0-301F-11D3-BF4B-00C04F79EFBC}") = "Elevator", "Elevator\Elevator.csproj", "{333CBDA4-72BD-4771-83BE-1D3DA107B3F9}"
EndProject
Global
	GlobalSection(SolutionConfigurationPlatforms) = preSolution
		Debug|Any CPU = Debug|Any CPU
		Release|Any CPU = Release|Any CPU
	EndGlobalSection
	GlobalSection(ProjectConfigurationPlatforms) = postSolution
		{333CBDA4-72BD-4771-83BE-1D3DA107B3F9}.Debug|Any CPU.ActiveCfg = Debug|Any CPU
		{333CBDA4-72BD-4771-83BE-1D3DA107B3F9}.Debug|Any CPU.Build.0 = Debug|Any CPU
		{333CBDA4-72BD-4771-83BE-1D3DA107B3F9}.Release|Any CPU.ActiveCfg = Release|Any CPU
		{333CBDA4-72BD-4771-83BE-1D3DA107B3F9}.Release|Any CPU.Build.0 = Release|Any CPU
	EndGlobalSection
	GlobalSection(SolutionProperties) = preSolution
		HideSolutionNode = FALSE
	EndGlobalSection
	GlobalSection(ExtensibilityGlobals) = postSolution
		SolutionGuid = {50C7288D-8FC3-49C9-8706-6456620BE62E}
	EndGlobalSection
EndGlobal
